{
    "name": "typescript",
    "version": "0.0.0",
    "lockfileVersion": 2,
    "requires": true,
    "packages": {
        "": {
            "name": "typescript",
            "version": "0.0.0",
            "dependencies": {
                "@re-/model": "1.10.0",
                "@re-/tools": "1.4.0"
            }
        },
        "node_modules/@re-/model": {
            "version": "1.10.0",
            "resolved": "https://registry.npmjs.org/@re-/model/-/model-1.10.0.tgz",
            "integrity": "sha512-P3Sfu+TMfIqkRSM0zuxRmYMVWbRg4lb5JY7MRTWtgQbDwux08Luz3oy8D2ORz9tajNhgmeffdEdBqS0kHiGA8g==",
            "dependencies": {
                "@re-/tools": "2.0.0"
            }
        },
        "node_modules/@re-/model/node_modules/@re-/tools": {
            "version": "2.0.0",
            "resolved": "https://registry.npmjs.org/@re-/tools/-/tools-2.0.0.tgz",
            "integrity": "sha512-qKe6f+P4j+ci06G2AcnI7qC1cm+iU2Mj7BTy8eACoJIlMSJE/cdp2qNw2Fz6NDwjSMnCp2DSol3++q3SEVW+vA==",
            "dependencies": {
                "moize": "5.4.7",
                "ts-toolbelt": "9.5.10"
            }
        },
        "node_modules/@re-/tools": {
            "version": "1.4.0",
            "resolved": "https://registry.npmjs.org/@re-/tools/-/tools-1.4.0.tgz",
            "integrity": "sha512-r1pGun88cgWG4iVpLk0CKG3/ghfvODCs1C3Wo/RLmGdTcp/bGKIFG+5yqPa9dhGAfflnoOZYvB/nvQ98feM4Sw==",
            "dependencies": {
                "deepmerge": "4.2.2",
                "moize": "5.4.7",
                "ts-toolbelt": "9.5.10"
            }
        },
        "node_modules/deepmerge": {
            "version": "4.2.2",
            "resolved": "https://registry.npmjs.org/deepmerge/-/deepmerge-4.2.2.tgz",
            "integrity": "sha512-FJ3UgI4gIl+PHZm53knsuSFpE+nESMr7M4v9QcgB7S63Kj/6WqMiFQJpBBYz1Pt+66bZpP3Q7Lye0Oo9MPKEdg==",
            "engines": {
                "node": ">=0.10.0"
            }
        },
        "node_modules/fast-equals": {
            "version": "1.6.3",
            "resolved": "https://registry.npmjs.org/fast-equals/-/fast-equals-1.6.3.tgz",
            "integrity": "sha512-4WKW0AL5+WEqO0zWavAfYGY1qwLsBgE//DN4TTcVEN2UlINgkv9b3vm2iHicoenWKSX9mKWmGOsU/iI5IST7pQ=="
        },
        "node_modules/fast-stringify": {
            "version": "1.1.2",
            "resolved": "https://registry.npmjs.org/fast-stringify/-/fast-stringify-1.1.2.tgz",
            "integrity": "sha512-SfslXjiH8km0WnRiuPfpUKwlZjW5I878qsOm+2x8x3TgqmElOOLh1rgJFb+PolNdNRK3r8urEefqx0wt7vx1dA=="
        },
        "node_modules/micro-memoize": {
            "version": "2.1.2",
            "resolved": "https://registry.npmjs.org/micro-memoize/-/micro-memoize-2.1.2.tgz",
            "integrity": "sha512-COjNutiFgnDHXZEIM/jYuZPwq2h8zMUeScf6Sh6so98a+REqdlpaNS7Cb2ffGfK5I+xfgoA3Rx49NGuNJTJq3w=="
        },
        "node_modules/moize": {
            "version": "5.4.7",
            "resolved": "https://registry.npmjs.org/moize/-/moize-5.4.7.tgz",
            "integrity": "sha512-7PZH8QFJ51cIVtDv7wfUREBd3gL59JB0v/ARA3RI9zkSRa9LyGjS1Bdldii2J1/NQXRQ/3OOVOSdnZrCcVaZlw==",
            "dependencies": {
                "fast-equals": "^1.6.0",
                "fast-stringify": "^1.1.0",
                "micro-memoize": "^2.1.1"
            }
        },
        "node_modules/ts-toolbelt": {
            "version": "9.5.10",
            "resolved": "https://registry.npmjs.org/ts-toolbelt/-/ts-toolbelt-9.5.10.tgz",
            "integrity": "sha512-nyfx1+97Bl86XFkHYC3TyM0IP2mP0Yc30KbZod9S6VaUNC9aJl4kcKnjKopBm+GG1TjOFsAtRbhKZZjuji86wQ=="
        }
    },
    "dependencies": {
        "@re-/model": {
            "version": "1.10.0",
            "resolved": "https://registry.npmjs.org/@re-/model/-/model-1.10.0.tgz",
            "integrity": "sha512-P3Sfu+TMfIqkRSM0zuxRmYMVWbRg4lb5JY7MRTWtgQbDwux08Luz3oy8D2ORz9tajNhgmeffdEdBqS0kHiGA8g==",
            "requires": {
                "@re-/tools": "2.0.0"
            },
            "dependencies": {
                "@re-/tools": {
                    "version": "2.0.0",
                    "resolved": "https://registry.npmjs.org/@re-/tools/-/tools-2.0.0.tgz",
                    "integrity": "sha512-qKe6f+P4j+ci06G2AcnI7qC1cm+iU2Mj7BTy8eACoJIlMSJE/cdp2qNw2Fz6NDwjSMnCp2DSol3++q3SEVW+vA==",
                    "requires": {
                        "moize": "5.4.7",
                        "ts-toolbelt": "9.5.10"
                    }
                }
            }
        },
        "@re-/tools": {
            "version": "1.4.0",
            "resolved": "https://registry.npmjs.org/@re-/tools/-/tools-1.4.0.tgz",
            "integrity": "sha512-r1pGun88cgWG4iVpLk0CKG3/ghfvODCs1C3Wo/RLmGdTcp/bGKIFG+5yqPa9dhGAfflnoOZYvB/nvQ98feM4Sw==",
            "requires": {
                "deepmerge": "4.2.2",
                "moize": "5.4.7",
                "ts-toolbelt": "9.5.10"
            }
        },
        "deepmerge": {
            "version": "4.2.2",
            "resolved": "https://registry.npmjs.org/deepmerge/-/deepmerge-4.2.2.tgz",
            "integrity": "sha512-FJ3UgI4gIl+PHZm53knsuSFpE+nESMr7M4v9QcgB7S63Kj/6WqMiFQJpBBYz1Pt+66bZpP3Q7Lye0Oo9MPKEdg=="
        },
        "fast-equals": {
            "version": "1.6.3",
            "resolved": "https://registry.npmjs.org/fast-equals/-/fast-equals-1.6.3.tgz",
            "integrity": "sha512-4WKW0AL5+WEqO0zWavAfYGY1qwLsBgE//DN4TTcVEN2UlINgkv9b3vm2iHicoenWKSX9mKWmGOsU/iI5IST7pQ=="
        },
        "fast-stringify": {
            "version": "1.1.2",
            "resolved": "https://registry.npmjs.org/fast-stringify/-/fast-stringify-1.1.2.tgz",
            "integrity": "sha512-SfslXjiH8km0WnRiuPfpUKwlZjW5I878qsOm+2x8x3TgqmElOOLh1rgJFb+PolNdNRK3r8urEefqx0wt7vx1dA=="
        },
        "micro-memoize": {
            "version": "2.1.2",
            "resolved": "https://registry.npmjs.org/micro-memoize/-/micro-memoize-2.1.2.tgz",
            "integrity": "sha512-COjNutiFgnDHXZEIM/jYuZPwq2h8zMUeScf6Sh6so98a+REqdlpaNS7Cb2ffGfK5I+xfgoA3Rx49NGuNJTJq3w=="
        },
        "moize": {
            "version": "5.4.7",
            "resolved": "https://registry.npmjs.org/moize/-/moize-5.4.7.tgz",
            "integrity": "sha512-7PZH8QFJ51cIVtDv7wfUREBd3gL59JB0v/ARA3RI9zkSRa9LyGjS1Bdldii2J1/NQXRQ/3OOVOSdnZrCcVaZlw==",
            "requires": {
                "fast-equals": "^1.6.0",
                "fast-stringify": "^1.1.0",
                "micro-memoize": "^2.1.1"
            }
        },
        "ts-toolbelt": {
            "version": "9.5.10",
            "resolved": "https://registry.npmjs.org/ts-toolbelt/-/ts-toolbelt-9.5.10.tgz",
            "integrity": "sha512-nyfx1+97Bl86XFkHYC3TyM0IP2mP0Yc30KbZod9S6VaUNC9aJl4kcKnjKopBm+GG1TjOFsAtRbhKZZjuji86wQ=="
        }
    }
}
