{
  "version": "2",
  "remote": {
    "https://deno.land/std@0.140.0/_util/assert.ts": "e94f2eb37cebd7f199952e242c77654e43333c1ac4c5c700e929ea3aa5489f74",
    "https://deno.land/std@0.140.0/_util/os.ts": "3b4c6e27febd119d36a416d7a97bd3b0251b77c88942c8f16ee5953ea13e2e49",
    "https://deno.land/std@0.140.0/fs/_util.ts": "0fb24eb4bfebc2c194fb1afdb42b9c3dda12e368f43e8f2321f84fc77d42cb0f",
    "https://deno.land/std@0.140.0/fs/ensure_dir.ts": "9dc109c27df4098b9fc12d949612ae5c9c7169507660dcf9ad90631833209d9d",
    "https://deno.land/std@0.140.0/fs/expand_glob.ts": "0c10130d67c9b02164b03df8e43c6d6defbf8e395cb69d09e84a8586e6d72ac3",
    "https://deno.land/std@0.140.0/fs/walk.ts": "117403ccd21fd322febe56ba06053b1ad5064c802170f19b1ea43214088fe95f",
    "https://deno.land/std@0.140.0/path/_constants.ts": "df1db3ffa6dd6d1252cc9617e5d72165cd2483df90e93833e13580687b6083c3",
    "https://deno.land/std@0.140.0/path/_interface.ts": "ee3b431a336b80cf445441109d089b70d87d5e248f4f90ff906820889ecf8d09",
    "https://deno.land/std@0.140.0/path/_util.ts": "c1e9686d0164e29f7d880b2158971d805b6e0efc3110d0b3e24e4b8af2190d2b",
    "https://deno.land/std@0.140.0/path/common.ts": "bee563630abd2d97f99d83c96c2fa0cca7cee103e8cb4e7699ec4d5db7bd2633",
    "https://deno.land/std@0.140.0/path/glob.ts": "cb5255638de1048973c3e69e420c77dc04f75755524cb3b2e160fe9277d939ee",
    "https://deno.land/std@0.140.0/path/mod.ts": "d3e68d0abb393fb0bf94a6d07c46ec31dc755b544b13144dee931d8d5f06a52d",
    "https://deno.land/std@0.140.0/path/posix.ts": "293cdaec3ecccec0a9cc2b534302dfe308adb6f10861fa183275d6695faace44",
    "https://deno.land/std@0.140.0/path/separator.ts": "fe1816cb765a8068afb3e8f13ad272351c85cbc739af56dacfc7d93d710fe0f9",
    "https://deno.land/std@0.140.0/path/win32.ts": "31811536855e19ba37a999cd8d1b62078235548d67902ece4aa6b814596dd757",
    "https://deno.land/std@0.176.0/_util/asserts.ts": "178dfc49a464aee693a7e285567b3d0b555dc805ff490505a8aae34f9cfb1462",
    "https://deno.land/std@0.176.0/_util/os.ts": "d932f56d41e4f6a6093d56044e29ce637f8dcc43c5a90af43504a889cf1775e3",
    "https://deno.land/std@0.176.0/async/abortable.ts": "73acfb3ed7261ce0d930dbe89e43db8d34e017b063cf0eaa7d215477bf53442e",
    "https://deno.land/std@0.176.0/async/deadline.ts": "b98e50d2c42399af03ad13bbb8cf59dadb9f0cd5d70648cc0c3b9202d75ab565",
    "https://deno.land/std@0.176.0/async/debounce.ts": "adab11d04ca38d699444ac8a9d9856b4155e8dda2afd07ce78276c01ea5a4332",
    "https://deno.land/std@0.176.0/async/deferred.ts": "42790112f36a75a57db4a96d33974a936deb7b04d25c6084a9fa8a49f135def8",
    "https://deno.land/std@0.176.0/async/delay.ts": "73aa04cec034c84fc748c7be49bb15cac3dd43a57174bfdb7a4aec22c248f0dd",
    "https://deno.land/std@0.176.0/async/mod.ts": "f04344fa21738e5ad6bea37a6bfffd57c617c2d372bb9f9dcfd118a1b622e576",
    "https://deno.land/std@0.176.0/async/mux_async_iterator.ts": "70c7f2ee4e9466161350473ad61cac0b9f115cff4c552eaa7ef9d50c4cbb4cc9",
    "https://deno.land/std@0.176.0/async/pool.ts": "fd082bd4aaf26445909889435a5c74334c017847842ec035739b4ae637ae8260",
    "https://deno.land/std@0.176.0/async/retry.ts": "5efa3ba450ac0c07a40a82e2df296287b5013755d232049efd7ea2244f15b20f",
    "https://deno.land/std@0.176.0/async/tee.ts": "47e42d35f622650b02234d43803d0383a89eb4387e1b83b5a40106d18ae36757",
    "https://deno.land/std@0.176.0/bytes/index_of_needle.ts": "65c939607df609374c4415598fa4dad04a2f14c4d98cd15775216f0aaf597f24",
    "https://deno.land/std@0.176.0/collections/map_values.ts": "431b78fd770c72cc978ca7bbfa08cdc0805e69c7d2b69ad19859e093467bd46d",
    "https://deno.land/std@0.176.0/crypto/_wasm/lib/deno_std_wasm_crypto.generated.mjs": "5dedb7f9aa05f0e18ed017691c58df5f4686e4cbbd70368c6f896e5cca03f2b4",
    "https://deno.land/std@0.176.0/crypto/_wasm/mod.ts": "e2df88236fc061eac7a89e8cb0b97843f5280b08b2a990e473b7397a3e566003",
    "https://deno.land/std@0.176.0/crypto/timing_safe_equal.ts": "8d69ab611c67fe51b6127d97fcfb4d8e7d0e1b6b4f3e0cc4ab86744c3691f965",
    "https://deno.land/std@0.176.0/encoding/base64.ts": "7de04c2f8aeeb41453b09b186480be90f2ff357613b988e99fabb91d2eeceba1",
    "https://deno.land/std@0.176.0/encoding/base64url.ts": "3f1178f6446834457b16bfde8b559c1cd3481727fe384d3385e4a9995dc2d851",
    "https://deno.land/std@0.176.0/encoding/hex.ts": "50f8c95b52eae24395d3dfcb5ec1ced37c5fe7610ef6fffdcc8b0fdc38e3b32f",
    "https://deno.land/std@0.176.0/flags/mod.ts": "d1cdefa18472ef69858a17df5cf7c98445ed27ac10e1460183081303b0ebc270",
    "https://deno.land/std@0.176.0/fmt/colors.ts": "938c5d44d889fb82eff6c358bea8baa7e85950a16c9f6dae3ec3a7a729164471",
    "https://deno.land/std@0.176.0/fmt/printf.ts": "e5b426cd6ad13df5d408e9c375c025d59de30e380c5534715bd892df874ab057",
    "https://deno.land/std@0.176.0/fs/eol.ts": "f1f2eb348a750c34500741987b21d65607f352cf7205f48f4319d417fff42842",
    "https://deno.land/std@0.176.0/fs/exists.ts": "b8c8a457b71e9d7f29b9d2f87aad8dba2739cbe637e8926d6ba6e92567875f8e",
    "https://deno.land/std@0.176.0/node/_core.ts": "9a58c0ef98ee77e9b8fcc405511d1b37a003a705eb6a9b6e95f75434d8009adc",
    "https://deno.land/std@0.176.0/node/_crypto/crypto_browserify/asn1.js/base/buffer.js": "c9364c761681134015ec8ba6f33b39c067d6e5dd59860d55face8d5be8522744",
    "https://deno.land/std@0.176.0/node/_crypto/crypto_browserify/asn1.js/base/node.js": "8f7f23bfa300990bbd6db7e7395e9688b54a04e3eb2fab5cab9a9a72e26c525f",
    "https://deno.land/std@0.176.0/node/_crypto/crypto_browserify/asn1.js/base/reporter.js": "788aec7662991da549e5f7f3edbc3e3d6c6cecabc894b18d1a705b0f204e06c3",
    "https://deno.land/std@0.176.0/node/_crypto/crypto_browserify/asn1.js/constants/der.js": "57181db0519bb3864a6cdf4e7eb9bfeb1bf5f80605187fbe80e27083b473e367",
    "https://deno.land/std@0.176.0/node/_crypto/crypto_browserify/asn1.js/decoders/der.js": "fdc4de98c9b0b59db169a2b225895741e2ab34b00e14315ac2ff5e389d6db16e",
    "https://deno.land/std@0.176.0/node/_crypto/crypto_browserify/asn1.js/decoders/pem.js": "fd7f0072c193c82959fec0374f4fd3adf3f4ac38594fd404d66b3e8724107151",
    "https://deno.land/std@0.176.0/node/_crypto/crypto_browserify/asn1.js/encoders/der.js": "137bc4f8fe66b9950c743025e199789e25342f791e2d52353ceb016ad2854b42",
    "https://deno.land/std@0.176.0/node/_crypto/crypto_browserify/asn1.js/encoders/pem.js": "e43bc706973c4c27e1e2f96262daba3d38822cb10f5b494f6944c726ee655160",
    "https://deno.land/std@0.176.0/node/_crypto/crypto_browserify/asn1.js/mod.js": "1f88293688296be7a6c735bd8ea39425f5b274b94db1d6b7968dddfb54ac9d37",
    "https://deno.land/std@0.176.0/node/_crypto/crypto_browserify/bn.js/bn.js": "f3f3c1dae1aa55de9e6472af1d6bec5ccda4b4890ee5c52a90961137fe99564e",
    "https://deno.land/std@0.176.0/node/_crypto/crypto_browserify/browserify_aes/aes.js": "698e1ed386b7dff27b2d59fa1c75f506beceec96b78670a15a734e438c08f138",
    "https://deno.land/std@0.176.0/node/_crypto/crypto_browserify/browserify_aes/auth_cipher.js": "5c245b5685b066356a7c9529a3a441bf5f57823a6946ce1b0ef2e1af32bb76f4",
    "https://deno.land/std@0.176.0/node/_crypto/crypto_browserify/browserify_aes/decrypter.js": "39152b2b3409893b8548feeab7e5997ceb1595f31df0dedaf765708be8f025c0",
    "https://deno.land/std@0.176.0/node/_crypto/crypto_browserify/browserify_aes/encrypter.js": "f9cc703d5a7b5255999c1a3600fbf48ff564b65f827744877526803093ceebff",
    "https://deno.land/std@0.176.0/node/_crypto/crypto_browserify/browserify_aes/ghash.js": "759d80b760f44cd3a454b4f161fd03a7d6c359901446f0a907a6870cb66d6767",
    "https://deno.land/std@0.176.0/node/_crypto/crypto_browserify/browserify_aes/incr32.js": "2bdea27b74b3990ee56807a1a5abe335f118826beabeeb905459c8768094b28f",
    "https://deno.land/std@0.176.0/node/_crypto/crypto_browserify/browserify_aes/mod.js": "fe4affebbd210d885b2e5135c668751f9d10bc14aa0cc3905cbfff66f04b4c58",
    "https://deno.land/std@0.176.0/node/_crypto/crypto_browserify/browserify_aes/modes/cbc.js": "ff24b4506522a724ba7a03c1403ad8938aba45056f9fd47c7f0b4fcb3a640adf",
    "https://deno.land/std@0.176.0/node/_crypto/crypto_browserify/browserify_aes/modes/cfb.js": "643720a1db969b6bcc896c95523630838a8335513d02f340514fd524bb4113cb",
    "https://deno.land/std@0.176.0/node/_crypto/crypto_browserify/browserify_aes/modes/cfb1.js": "01c9a46aa3affd84a54ae33652fb0fa0ff7c862be2a459d9cb188cb8e2c4b11e",
    "https://deno.land/std@0.176.0/node/_crypto/crypto_browserify/browserify_aes/modes/cfb8.js": "97476cee25103e02a02b196d7fe6f28a9f0f9e47ee344687d7492bc7282a59f8",
    "https://deno.land/std@0.176.0/node/_crypto/crypto_browserify/browserify_aes/modes/ctr.js": "1e3835adb753cfe6761e4df8c43d190e31e1ca6a586fd582747c8255c82ed78d",
    "https://deno.land/std@0.176.0/node/_crypto/crypto_browserify/browserify_aes/modes/ecb.js": "79677b96d4af50c49f0a4f698e5c7e5a64f1d2926b799e0d2eac2cdd5ec7488c",
    "https://deno.land/std@0.176.0/node/_crypto/crypto_browserify/browserify_aes/modes/mod.js": "fe3db429b867a0a8066c64d7b33b840a1f24cad9174156384a763733f68cf518",
    "https://deno.land/std@0.176.0/node/_crypto/crypto_browserify/browserify_aes/modes/ofb.js": "3553308f98d078e2006eac39bb6d91818f8bb376b01d962ae98eabf6ee79ad4e",
    "https://deno.land/std@0.176.0/node/_crypto/crypto_browserify/browserify_aes/stream_cipher.js": "70f50f37ddec530ae95911ca2f286ebd2ddbd54d914ab0be461ec1dc3c61990f",
    "https://deno.land/std@0.176.0/node/_crypto/crypto_browserify/browserify_aes/xor.ts": "7132baacdb39ba82c3bfe325a60e68ca87469c0ed0cdd0508caf6f40bab852b8",
    "https://deno.land/std@0.176.0/node/_crypto/crypto_browserify/browserify_rsa.js": "96e0e4fee7c2cf75ef86d958c709bfc239297a080fd17ace5ea5ab699a1b6174",
    "https://deno.land/std@0.176.0/node/_crypto/crypto_browserify/cipher_base.js": "9ebc6ccc364cf7b23024821054d2e72a2d8da8d8a2a36cacdc5aa6cc6770ef93",
    "https://deno.land/std@0.176.0/node/_crypto/crypto_browserify/evp_bytes_to_key.ts": "7c4c27b6e321b2d7065a6703d90264921e9a805d91d9dfdb21103393228024e2",
    "https://deno.land/std@0.176.0/node/_crypto/crypto_browserify/parse_asn1/asn1.js": "7d99b6df508164169a33377346e8840d519fe2defccb362a023c92c5bd503433",
    "https://deno.land/std@0.176.0/node/_crypto/crypto_browserify/parse_asn1/certificate.js": "5795348417b3ec7aafa4854ba55f364e0148eadfdd29d1566c90e617237621bb",
    "https://deno.land/std@0.176.0/node/_crypto/crypto_browserify/parse_asn1/fix_proc.js": "858dd3e6ce264d75822cadc21bb55114f4e4867a706abde1663548aa2710fc1b",
    "https://deno.land/std@0.176.0/node/_crypto/crypto_browserify/parse_asn1/mod.js": "ea164fbd497ce3d710426742d4b72f71da8954c4ebaeb7eadc33316c5b0060f1",
    "https://deno.land/std@0.176.0/node/_crypto/crypto_browserify/public_encrypt/mgf.js": "dfac5008a550b3e7e6b851c4fb42e984aa9e7fae64707888f47f2aa0991c004d",
    "https://deno.land/std@0.176.0/node/_crypto/crypto_browserify/public_encrypt/mod.js": "0704326ff3ee2bb0764a964995d1aa62b1147b714ad5465e878ba4d57731e3db",
    "https://deno.land/std@0.176.0/node/_crypto/crypto_browserify/public_encrypt/private_decrypt.js": "8a1d11edb176d95d1e3bdf1aff5c3248a986bf9734d1a6b07508e29132d2f65c",
    "https://deno.land/std@0.176.0/node/_crypto/crypto_browserify/public_encrypt/public_encrypt.js": "f88b0e3c228d84096fdbc03e614e86bef86e56013cb9628b2425e31b3b142b2c",
    "https://deno.land/std@0.176.0/node/_crypto/crypto_browserify/public_encrypt/with_public.js": "752da754d253b5743d89c0f2432b6eb6f8815b80efd9ee588683e10a13d34400",
    "https://deno.land/std@0.176.0/node/_crypto/crypto_browserify/public_encrypt/xor.js": "087ebef8f6fcb8ca4c7216cc22de728d9a61ec27b9a036b900681ff25d6409af",
    "https://deno.land/std@0.176.0/node/_crypto/crypto_browserify/randombytes.ts": "23bde8be640e274d7bb88cf10d1da8bba252654252dc6a877fed86a77da5952c",
    "https://deno.land/std@0.176.0/node/_events.d.ts": "1347437fd6b084d7c9a4e16b9fe7435f00b030970086482edeeb3b179d0775af",
    "https://deno.land/std@0.176.0/node/_events.mjs": "d4ba4e629abe3db9f1b14659fd5c282b7da8b2b95eaf13238eee4ebb142a2448",
    "https://deno.land/std@0.176.0/node/_fs/_fs_access.ts": "48a722db00fd34ec567c1d03c47f6b94d07658c658eeb7d9a10c6b823ebdefbd",
    "https://deno.land/std@0.176.0/node/_fs/_fs_appendFile.ts": "2e5230c88804f4b5bee29efa1ba723d71a53f9b0f85d5e6372509ba12e9c00c3",
    "https://deno.land/std@0.176.0/node/_fs/_fs_chmod.ts": "fcba6aa4fe2d9178746b5b4ae7f42a72a971007c855988f0e26ff8f694c3c212",
    "https://deno.land/std@0.176.0/node/_fs/_fs_chown.ts": "6a24414772d689f8e83b6f53f134420dc25d752bd5be56cade39e92f182c9c9a",
    "https://deno.land/std@0.176.0/node/_fs/_fs_close.ts": "8fc5819affb69fb5708f3babce49cd673133e939cebef0665099da78a0d0be7a",
    "https://deno.land/std@0.176.0/node/_fs/_fs_common.ts": "21caae4ab7c07c66244446c63c50291cc553d1224d3f6a0cd7bea688c6b2a815",
    "https://deno.land/std@0.176.0/node/_fs/_fs_constants.ts": "22ce5f8b07fa8fd7ba37718ad85f6655954b7585d21e6d0b9d73676c16ef1b15",
    "https://deno.land/std@0.176.0/node/_fs/_fs_copy.ts": "9074e3a1609b9ee10ca1a2d77e94836c57190e791a0878f7e03b2f0e4e0d5dfb",
    "https://deno.land/std@0.176.0/node/_fs/_fs_dir.ts": "26c16ef8003772c9cd2439b448530443ea09a1508a6d808a5913576c3d11882b",
    "https://deno.land/std@0.176.0/node/_fs/_fs_dirent.ts": "e8c30d8059336cb6b122738c487cb46c1bcfc4c99fd6d64186f04b4e1805be34",
    "https://deno.land/std@0.176.0/node/_fs/_fs_exists.ts": "012e8bf6a6a9b53f9e6451db6ddabf1b883a25e6aebb8aadf8958b57efffefd0",
    "https://deno.land/std@0.176.0/node/_fs/_fs_fdatasync.ts": "cfe9409aed4bfe707fb497fe5be449a678b4ae454c9068f3720138ff06f7a71f",
    "https://deno.land/std@0.176.0/node/_fs/_fs_fstat.ts": "b15968d0f0da997960f0814e52beee35aff5e04519f007c3ac1c431829a03ac4",
    "https://deno.land/std@0.176.0/node/_fs/_fs_fsync.ts": "902c1d4ef9b022c61a12c5f85db3ec4e14778019697cf453822313f9eab9516b",
    "https://deno.land/std@0.176.0/node/_fs/_fs_ftruncate.ts": "36d76a3d6b325345ba6fbef745ec1a39d6efb4472214ede8421449296fd25711",
    "https://deno.land/std@0.176.0/node/_fs/_fs_futimes.ts": "75b9aaa28588d94b9d8be3c5ca4b74595cde342d644afc9c5dda1e1dcc1e604f",
    "https://deno.land/std@0.176.0/node/_fs/_fs_link.ts": "5cfa4f02cbedf913d90618c1bf130796bc3cdd7cd0e59cf5defb05619ae10b8a",
    "https://deno.land/std@0.176.0/node/_fs/_fs_lstat.ts": "da6a26b4745dbb92eda21f07992d16497a6848fe2ded6a425ade4a2418262b57",
    "https://deno.land/std@0.176.0/node/_fs/_fs_mkdir.ts": "94e4341f9bbc3bae9f1474e86621d48101a4a863ce51fd6b1170ef244533c494",
    "https://deno.land/std@0.176.0/node/_fs/_fs_mkdtemp.ts": "33658ccb449f90d69305868b718f8fe8d72a2a8e2be7136ebd69ba313fd0b4a9",
    "https://deno.land/std@0.176.0/node/_fs/_fs_open.ts": "9f728953c07748a54a73bb9ff0013530e33556a688a359a554d5db5b4ed30d06",
    "https://deno.land/std@0.176.0/node/_fs/_fs_opendir.ts": "fe65a45b92b6b970da8f3acec15920cb5669c7a19fd07afa8ebcd248ec69740b",
    "https://deno.land/std@0.176.0/node/_fs/_fs_read.ts": "a0223081bc460a8af5d1bb01e59a44182629bf7bff7c583031912abf20ac6b04",
    "https://deno.land/std@0.176.0/node/_fs/_fs_readFile.ts": "2c155de6b568a4e5d3d089e58723355fc519de2d2c9422f7dd211cda2c8f36dc",
    "https://deno.land/std@0.176.0/node/_fs/_fs_readdir.ts": "85f742c2ad38bebb8ba5dee72b37a966fc4b42b10382a76a60d7a2dda0a6278c",
    "https://deno.land/std@0.176.0/node/_fs/_fs_readlink.ts": "d5d9746c1d3c76cce0be5045dbb3bfde100406a98f1d4db8243776a2fc5619af",
    "https://deno.land/std@0.176.0/node/_fs/_fs_realpath.ts": "671afd8bc1b33126d56155de3827d6ec55361631eec9f4944d7f91835d897329",
    "https://deno.land/std@0.176.0/node/_fs/_fs_rename.ts": "2fd973c38ab5c66d806a954914a2d2b6beec55308b6da0616837ba81946bba3b",
    "https://deno.land/std@0.176.0/node/_fs/_fs_rm.ts": "27c01d261a3631729f9406d9dc7be263a7adf240094ba9133da511169785023b",
    "https://deno.land/std@0.176.0/node/_fs/_fs_rmdir.ts": "d9a35aa265670aba4a6da10cb151139bd69762ccfb88e27f266c1260c244d3ec",
    "https://deno.land/std@0.176.0/node/_fs/_fs_stat.ts": "bf1ca585b624f5b183ff547f02ad40b51d47247a7fd5df84f8c27376e7a7c2d5",
    "https://deno.land/std@0.176.0/node/_fs/_fs_symlink.ts": "89752d75dd823be7ea2c0f2ca024b14c954f7d1507360abf883245f4b700464b",
    "https://deno.land/std@0.176.0/node/_fs/_fs_truncate.ts": "4333d191574be1d6ab20fdee346c0dd4868e5c9c5e8ee716e3b09bf562aee698",
    "https://deno.land/std@0.176.0/node/_fs/_fs_unlink.ts": "6a760088a99c7465d9da3cbd67a456a6207c9764c65926ce1e0d3172aab780a2",
    "https://deno.land/std@0.176.0/node/_fs/_fs_utimes.ts": "c433ef58bfd20d84d0f940c17575b496dcd4706e8dc86aea777c73f667164444",
    "https://deno.land/std@0.176.0/node/_fs/_fs_watch.ts": "2ed05b68759e1771515efa4c6d19db9c956cfbc79a715d61e4ce8f38ac12c966",
    "https://deno.land/std@0.176.0/node/_fs/_fs_write.d.ts": "a405627931c1a5a3160d3f1cf028761d51b50cd632d6602cb0f98c6b39c96b23",
    "https://deno.land/std@0.176.0/node/_fs/_fs_write.mjs": "595abc0d7be9ef3709b62bf09972c2836b25c945f4c531a6688b910e428e1b42",
    "https://deno.land/std@0.176.0/node/_fs/_fs_writeFile.ts": "c65f61a167e5f80f29a88147012ade2a81233c882e51c6a07f45a153f2316a58",
    "https://deno.land/std@0.176.0/node/_fs/_fs_writev.d.ts": "2cd3596fe24579debe43b587d5bb5845f6f0ce3913357376eb279511ce832d15",
    "https://deno.land/std@0.176.0/node/_fs/_fs_writev.mjs": "54adae0d5e5148d2ee0690d04f7272dbccd1242ffbdf838778ac514c10197844",
    "https://deno.land/std@0.176.0/node/_global.d.ts": "2d88342f38b4083b858998e27c706725fb03a74aa14ef8d985dc18438b5188e4",
    "https://deno.land/std@0.176.0/node/_next_tick.ts": "9a3cf107d59b019a355d3cf32275b4c6157282e4b68ea85b46a799cb1d379305",
    "https://deno.land/std@0.176.0/node/_process/exiting.ts": "6e336180aaabd1192bf99ffeb0d14b689116a3dec1dfb34a2afbacd6766e98ab",
    "https://deno.land/std@0.176.0/node/_process/process.ts": "c96bb1f6253824c372f4866ee006dcefda02b7050d46759736e403f862d91051",
    "https://deno.land/std@0.176.0/node/_process/stdio.mjs": "cf17727eac8da3a665851df700b5aca6a12bacc3ebbf33e63e4b919f80ba44a6",
    "https://deno.land/std@0.176.0/node/_process/streams.mjs": "c1461c4dbf963a93a0ca8233467573a685bbde347562573761cc9435fd7080f6",
    "https://deno.land/std@0.176.0/node/_stream.d.ts": "112e1a0677cd6db932c3ce0e6e5bbdc7a2ac1874572f449044ecc82afcf5ee2e",
    "https://deno.land/std@0.176.0/node/_stream.mjs": "d6e2c86c1158ac65b4c2ca4fa019d7e84374ff12e21e2175345fe68c0823efe3",
    "https://deno.land/std@0.176.0/node/_util/_util_callbackify.ts": "a7ffe799ac5f54f3a780ee1c9b190b94dc7dc8afbb430c0e1c73756638d25d64",
    "https://deno.land/std@0.176.0/node/_utils.ts": "7fd55872a0cf9275e3c080a60e2fa6d45b8de9e956ebcde9053e72a344185884",
    "https://deno.land/std@0.176.0/node/assert.ts": "52a682477f2b849b3e451a140d665faa2c26a9ac8f615191fe3d9ec18f55b0c8",
    "https://deno.land/std@0.176.0/node/assert/strict.ts": "a864a252b9b20d5374b602616ca1fae67fa0215d03c2ca912fc0e04bb6aaf816",
    "https://deno.land/std@0.176.0/node/assertion_error.ts": "8d208eab48e50ed56fe0f82f755a0d471dc7cd0acd3947b51aa9764de7d30b86",
    "https://deno.land/std@0.176.0/node/buffer.ts": "85617be2063eccaf177dbb84c7580d1e32023724ed14bd9df4e453b152a26167",
    "https://deno.land/std@0.176.0/node/child_process.ts": "63e235b64473038d869076034884cbe4e6bd0a39cf28ebaadf883bcfb5af4457",
    "https://deno.land/std@0.176.0/node/crypto.ts": "2c94fa0f76e90190fbc34df891dc5c284bddb86c932fae8ac11747de3f75293c",
    "https://deno.land/std@0.176.0/node/events.ts": "d2de352d509de11a375e2cb397d6b98f5fed4e562fc1d41be33214903a38e6b0",
    "https://deno.land/std@0.176.0/node/fs.ts": "de13cb511655b594157b327cd11bb833cc96051409f34148f043e8a8a92d66a1",
    "https://deno.land/std@0.176.0/node/fs/promises.ts": "5db686797cec9a6bc7b1460beb7e049ada81a43bbc0ff8231a26442261ec3fd0",
    "https://deno.land/std@0.176.0/node/internal/assert.mjs": "1d50c20eeaf16a6d9c1d90347e497669cebc915f5ee238417a73847eb4c2f0de",
    "https://deno.land/std@0.176.0/node/internal/buffer.d.ts": "bdfa991cd88cb02fd08bf8235d2618550e3e511c970b2a8f2e1a6885a2793cac",
    "https://deno.land/std@0.176.0/node/internal/buffer.mjs": "e92303a3cc6d9aaabcd270a937ad9319825d9ba08cb332650944df4562029b27",
    "https://deno.land/std@0.176.0/node/internal/child_process.ts": "047d7e872b2a3cd58d5cce50146a77c003d011ecb8e67a8c630b24375665e607",
    "https://deno.land/std@0.176.0/node/internal/crypto/_keys.ts": "8f3c3b5a141aa0331a53c205e9338655f1b3b307a08085fd6ff6dda6f7c4190b",
    "https://deno.land/std@0.176.0/node/internal/crypto/_randomBytes.ts": "36dd164747f73b830ba86562abb160a8ac5bea34aaeb816a67f3005a00d41177",
    "https://deno.land/std@0.176.0/node/internal/crypto/_randomFill.ts": "297186f290eba87a1ad7b8aa42a960ff4278a8b6b0c963fa81918c326d5c0b58",
    "https://deno.land/std@0.176.0/node/internal/crypto/_randomInt.ts": "6cf19da9684b67520e67a2d99f2581a3f841140842c7ce2e014d166457550fe1",
    "https://deno.land/std@0.176.0/node/internal/crypto/certificate.ts": "b4a6695f82e70a42e85247c74a7691ed4b3a904646451af0287e49efe1a28814",
    "https://deno.land/std@0.176.0/node/internal/crypto/cipher.ts": "2bae9b4d94c465e4d1c70e5a9e8fd67ce20bcc66fecd2eec6be00d35144ca4eb",
    "https://deno.land/std@0.176.0/node/internal/crypto/constants.ts": "544d605703053218499b08214f2e25cf4310651d535b7ab995891c4b7a217693",
    "https://deno.land/std@0.176.0/node/internal/crypto/diffiehellman.ts": "9cfb219c5b2936db773f559b6affe6d25b0e40531010389f05df3f05ce7eebf5",
    "https://deno.land/std@0.176.0/node/internal/crypto/hash.ts": "d01f5d3ad5477655b432036d2d553c7a0c31a901ac0e1e9e0d8b3975daae7624",
    "https://deno.land/std@0.176.0/node/internal/crypto/hkdf.ts": "5bd801234e56468fbd47466f46e88bdadc66432d625e3616abe38878d410bb66",
    "https://deno.land/std@0.176.0/node/internal/crypto/keygen.ts": "530cc1a00acf71a43719bb876a2dc563b6196095d080eba77c92c9f39658a5b9",
    "https://deno.land/std@0.176.0/node/internal/crypto/keys.ts": "c4dfa5aa3420cf700178b87203593a0989c8a93934bfef2b29adb3399d687958",
    "https://deno.land/std@0.176.0/node/internal/crypto/pbkdf2.ts": "0a0a3e0d3d45db0638fe75a4199c7ed7ca2164405750a520e786e4adebdb45a4",
    "https://deno.land/std@0.176.0/node/internal/crypto/random.ts": "85f3147e14cb45c18e016da45d319a5c663309411232a956fdc09c2317acdd9f",
    "https://deno.land/std@0.176.0/node/internal/crypto/scrypt.ts": "b55a0fcd12b295af4127d05b1c0bc3098b74fc0e3c62321c2a43c20f9ed18209",
    "https://deno.land/std@0.176.0/node/internal/crypto/sig.ts": "25819a89d49c1ebfe3baa1f9464501ec599a36cf53e9b600ec0399e568b9dccc",
    "https://deno.land/std@0.176.0/node/internal/crypto/types.ts": "52feb182bcbd59206f3e2f4a3cb8a5775d4452c2a8045c3e613e2178d32c2a86",
    "https://deno.land/std@0.176.0/node/internal/crypto/util.ts": "db282c0413aeee28bc0665fcfc1c08a65fc96dc12ed4d03282f2da4907fcf0ce",
    "https://deno.land/std@0.176.0/node/internal/crypto/x509.ts": "0e8a541c4f58ecb83862c373d3f7d2371aa8f5108f55bc837b190c4ab3408764",
    "https://deno.land/std@0.176.0/node/internal/error_codes.ts": "8495e33f448a484518d76fa3d41d34fc20fe03c14b30130ad8e936b0035d4b8b",
    "https://deno.land/std@0.176.0/node/internal/errors.ts": "1c699b8a3cb93174f697a348c004b1c6d576b66688eac8a48ebb78e65c720aae",
    "https://deno.land/std@0.176.0/node/internal/fixed_queue.ts": "62bb119afa5b5ae8fc0c7048b50502347bec82e2588017d0b250c4671d6eff8f",
    "https://deno.land/std@0.176.0/node/internal/fs/streams.d.ts": "23571ff9af59d86307831b80823e440953f3e57b134ca7ec6e55b60b845d38de",
    "https://deno.land/std@0.176.0/node/internal/fs/streams.mjs": "5de00d105009fb8cec6b6d0a6e6e6288ae40879cc64d9bf7a84852220be9fa34",
    "https://deno.land/std@0.176.0/node/internal/fs/utils.mjs": "64b6dc17752fa861b46a0876647336ba24efe3b5130bd1826f1f2d59b9b374ed",
    "https://deno.land/std@0.176.0/node/internal/hide_stack_frames.ts": "9dd1bad0a6e62a1042ce3a51eb1b1ecee2f246907bff44835f86e8f021de679a",
    "https://deno.land/std@0.176.0/node/internal/idna.ts": "034043ac9273eb5ba83112c926dba1777775f1eca40e021c8703cd1720bedd9f",
    "https://deno.land/std@0.176.0/node/internal/net.ts": "5538d31b595ac63d4b3e90393168bc65ace2f332c3317cffa2fd780070b2d86c",
    "https://deno.land/std@0.176.0/node/internal/normalize_encoding.mjs": "fd1d9df61c44d7196432f6e8244621468715131d18cc79cd299fc78ac549f707",
    "https://deno.land/std@0.176.0/node/internal/options.ts": "888f267c3fe8f18dc7b2f2fbdbe7e4a0fd3302ff3e99f5d6645601e924f3e3fb",
    "https://deno.land/std@0.176.0/node/internal/primordials.mjs": "a72d86b5aa55d3d50b8e916b6a59b7cc0dc5a31da8937114b4a113ad5aa08c74",
    "https://deno.land/std@0.176.0/node/internal/process/per_thread.mjs": "10142bbb13978c2f8f79778ad90f3a67a8ea6d8d2970f3dfc6bf2c6fff0162a2",
    "https://deno.land/std@0.176.0/node/internal/querystring.ts": "479f30c136555dc3b6f09af7d0de8a70c753035c1d5b57acc696722028788323",
    "https://deno.land/std@0.176.0/node/internal/readline/callbacks.mjs": "bdb129b140c3b21b5e08cdc3d8e43517ad818ac03f75197338d665cca1cbaed3",
    "https://deno.land/std@0.176.0/node/internal/readline/utils.mjs": "c3dbf3a97c01ed14052cca3848f09e2fc24818c1822ceed57c33b9f0840f3b87",
    "https://deno.land/std@0.176.0/node/internal/streams/destroy.mjs": "b665fc71178919a34ddeac8389d162a81b4bc693ff7dc2557fa41b3a91011967",
    "https://deno.land/std@0.176.0/node/internal/streams/end-of-stream.mjs": "a4fb1c2e32d58dff440d4e716e2c4daaa403b3095304a028bb428575cfeed716",
    "https://deno.land/std@0.176.0/node/internal/streams/utils.mjs": "f2fe2e6bdc506da24c758970890cc2a21642045b129dee618bd3827c60dd9e33",
    "https://deno.land/std@0.176.0/node/internal/streams/writable.mjs": "775928726d0483ace8e45a35f30db2019a22dd7b9a81b67b158420e21cc692c5",
    "https://deno.land/std@0.176.0/node/internal/url.ts": "7e62e16520de552c130c354d9c725a2f5e2af453ff929a2009fa66ae445bbe14",
    "https://deno.land/std@0.176.0/node/internal/util.mjs": "f7fe2e1ca5e66f550ad0856b9f5ee4d666f0c071fe212ea7fc7f37cfa81f97a5",
    "https://deno.land/std@0.176.0/node/internal/util/comparisons.ts": "9a7d95401b3d1c99ec5b12250cf6dec75efc75764b4a18be257dd8bfbe67496e",
    "https://deno.land/std@0.176.0/node/internal/util/debuglog.ts": "a2392980a65cc6916afc17fa6686242ee0e3b47bd98c792ff59358560b24185e",
    "https://deno.land/std@0.176.0/node/internal/util/inspect.mjs": "11d7c9cab514b8e485acc3978c74b837263ff9c08ae4537fa18ad56bae633259",
    "https://deno.land/std@0.176.0/node/internal/util/types.ts": "0e587b44ec5e017cf228589fc5ce9983b75beece6c39409c34170cfad49d6417",
    "https://deno.land/std@0.176.0/node/internal/validators.mjs": "e02f2b02dd072a5d623970292588d541204dc82207b4c58985d933a5f4b382e6",
    "https://deno.land/std@0.176.0/node/internal_binding/_libuv_winerror.ts": "30c9569603d4b97a1f1a034d88a3f74800d5ea1f12fcc3d225c9899d4e1a518b",
    "https://deno.land/std@0.176.0/node/internal_binding/_listen.ts": "c6038be47116f7755c01fd98340a0d1e8e66ef874710ab59ed3f5607d50d7a25",
    "https://deno.land/std@0.176.0/node/internal_binding/_node.ts": "cb2389b0eab121df99853eb6a5e3a684e4537e065fb8bf2cca0cbf219ce4e32e",
    "https://deno.land/std@0.176.0/node/internal_binding/_timingSafeEqual.ts": "7d9732464d3c669ff07713868ce5d25bc974a06112edbfb5f017fc3c70c0853e",
    "https://deno.land/std@0.176.0/node/internal_binding/_utils.ts": "7c58a2fbb031a204dee9583ba211cf9c67922112fe77e7f0b3226112469e9fe1",
    "https://deno.land/std@0.176.0/node/internal_binding/_winerror.ts": "3e8cfdfe22e89f13d2b28529bab35155e6b1730c0221ec5a6fc7077dc037be13",
    "https://deno.land/std@0.176.0/node/internal_binding/ares.ts": "bdd34c679265a6c115a8cfdde000656837a0a0dcdb0e4c258e622e136e9c31b8",
    "https://deno.land/std@0.176.0/node/internal_binding/async_wrap.ts": "0dc5ae64eea2c9e57ab17887ef1573922245167ffe38e3685c28d636f487f1b7",
    "https://deno.land/std@0.176.0/node/internal_binding/buffer.ts": "31729e0537921d6c730ad0afea44a7e8a0a1044d070ade8368226cb6f7390c8b",
    "https://deno.land/std@0.176.0/node/internal_binding/cares_wrap.ts": "9b7247772167f8ed56acd0244a232d9d50e8d7c9cfc379f77f3d54cecc2f32ab",
    "https://deno.land/std@0.176.0/node/internal_binding/config.ts": "37d293009d1718205bf28e878e54a9f1ca24c1c320cee2416c20dc054104c6ea",
    "https://deno.land/std@0.176.0/node/internal_binding/connection_wrap.ts": "7dd089ea46de38e4992d0f43a09b586e4cf04878fb06863c1cb8cb2ece7da521",
    "https://deno.land/std@0.176.0/node/internal_binding/constants.ts": "21ff9d1ee71d0a2086541083a7711842fc6ae25e264dbf45c73815aadce06f4c",
    "https://deno.land/std@0.176.0/node/internal_binding/contextify.ts": "37d293009d1718205bf28e878e54a9f1ca24c1c320cee2416c20dc054104c6ea",
    "https://deno.land/std@0.176.0/node/internal_binding/credentials.ts": "37d293009d1718205bf28e878e54a9f1ca24c1c320cee2416c20dc054104c6ea",
    "https://deno.land/std@0.176.0/node/internal_binding/crypto.ts": "29e8f94f283a2e7d4229d3551369c6a40c2af9737fad948cb9be56bef6c468cd",
    "https://deno.land/std@0.176.0/node/internal_binding/errors.ts": "37d293009d1718205bf28e878e54a9f1ca24c1c320cee2416c20dc054104c6ea",
    "https://deno.land/std@0.176.0/node/internal_binding/fs.ts": "37d293009d1718205bf28e878e54a9f1ca24c1c320cee2416c20dc054104c6ea",
    "https://deno.land/std@0.176.0/node/internal_binding/fs_dir.ts": "37d293009d1718205bf28e878e54a9f1ca24c1c320cee2416c20dc054104c6ea",
    "https://deno.land/std@0.176.0/node/internal_binding/fs_event_wrap.ts": "37d293009d1718205bf28e878e54a9f1ca24c1c320cee2416c20dc054104c6ea",
    "https://deno.land/std@0.176.0/node/internal_binding/handle_wrap.ts": "adf0b8063da2c54f26edd5e8ec50296a4d38e42716a70a229f14654b17a071d9",
    "https://deno.land/std@0.176.0/node/internal_binding/heap_utils.ts": "37d293009d1718205bf28e878e54a9f1ca24c1c320cee2416c20dc054104c6ea",
    "https://deno.land/std@0.176.0/node/internal_binding/http_parser.ts": "37d293009d1718205bf28e878e54a9f1ca24c1c320cee2416c20dc054104c6ea",
    "https://deno.land/std@0.176.0/node/internal_binding/icu.ts": "37d293009d1718205bf28e878e54a9f1ca24c1c320cee2416c20dc054104c6ea",
    "https://deno.land/std@0.176.0/node/internal_binding/inspector.ts": "37d293009d1718205bf28e878e54a9f1ca24c1c320cee2416c20dc054104c6ea",
    "https://deno.land/std@0.176.0/node/internal_binding/js_stream.ts": "37d293009d1718205bf28e878e54a9f1ca24c1c320cee2416c20dc054104c6ea",
    "https://deno.land/std@0.176.0/node/internal_binding/messaging.ts": "37d293009d1718205bf28e878e54a9f1ca24c1c320cee2416c20dc054104c6ea",
    "https://deno.land/std@0.176.0/node/internal_binding/mod.ts": "9fc65f7af1d35e2d3557539a558ea9ad7a9954eefafe614ad82d94bddfe25845",
    "https://deno.land/std@0.176.0/node/internal_binding/module_wrap.ts": "37d293009d1718205bf28e878e54a9f1ca24c1c320cee2416c20dc054104c6ea",
    "https://deno.land/std@0.176.0/node/internal_binding/native_module.ts": "37d293009d1718205bf28e878e54a9f1ca24c1c320cee2416c20dc054104c6ea",
    "https://deno.land/std@0.176.0/node/internal_binding/natives.ts": "37d293009d1718205bf28e878e54a9f1ca24c1c320cee2416c20dc054104c6ea",
    "https://deno.land/std@0.176.0/node/internal_binding/node_file.ts": "21edbbc95653e45514aff252b6cae7bf127a4338cbc5f090557d258aa205d8a5",
    "https://deno.land/std@0.176.0/node/internal_binding/node_options.ts": "0b5cb0bf4379a39278d7b7bb6bb2c2751baf428fe437abe5ed3e8441fae1f18b",
    "https://deno.land/std@0.176.0/node/internal_binding/options.ts": "37d293009d1718205bf28e878e54a9f1ca24c1c320cee2416c20dc054104c6ea",
    "https://deno.land/std@0.176.0/node/internal_binding/os.ts": "37d293009d1718205bf28e878e54a9f1ca24c1c320cee2416c20dc054104c6ea",
    "https://deno.land/std@0.176.0/node/internal_binding/performance.ts": "37d293009d1718205bf28e878e54a9f1ca24c1c320cee2416c20dc054104c6ea",
    "https://deno.land/std@0.176.0/node/internal_binding/pipe_wrap.ts": "30e3a63954313f9d5bbc2ac02c7f9be4b1204c493e47f6e1b9c7366994e6ea6d",
    "https://deno.land/std@0.176.0/node/internal_binding/process_methods.ts": "37d293009d1718205bf28e878e54a9f1ca24c1c320cee2416c20dc054104c6ea",
    "https://deno.land/std@0.176.0/node/internal_binding/report.ts": "37d293009d1718205bf28e878e54a9f1ca24c1c320cee2416c20dc054104c6ea",
    "https://deno.land/std@0.176.0/node/internal_binding/serdes.ts": "37d293009d1718205bf28e878e54a9f1ca24c1c320cee2416c20dc054104c6ea",
    "https://deno.land/std@0.176.0/node/internal_binding/signal_wrap.ts": "37d293009d1718205bf28e878e54a9f1ca24c1c320cee2416c20dc054104c6ea",
    "https://deno.land/std@0.176.0/node/internal_binding/spawn_sync.ts": "37d293009d1718205bf28e878e54a9f1ca24c1c320cee2416c20dc054104c6ea",
    "https://deno.land/std@0.176.0/node/internal_binding/stream_wrap.ts": "452bff74d1db280a0cd78c75a95bb6d163e849e06e9638c4af405d40296bd050",
    "https://deno.land/std@0.176.0/node/internal_binding/string_decoder.ts": "54c3c1cbd5a9254881be58bf22637965dc69535483014dab60487e299cb95445",
    "https://deno.land/std@0.176.0/node/internal_binding/symbols.ts": "4dee2f3a400d711fd57fa3430b8de1fdb011e08e260b81fef5b81cc06ed77129",
    "https://deno.land/std@0.176.0/node/internal_binding/task_queue.ts": "37d293009d1718205bf28e878e54a9f1ca24c1c320cee2416c20dc054104c6ea",
    "https://deno.land/std@0.176.0/node/internal_binding/tcp_wrap.ts": "d298d855e862fc9a5c94e13ad982fde99f6d8a56620a4772681b7226f5a15c91",
    "https://deno.land/std@0.176.0/node/internal_binding/timers.ts": "37d293009d1718205bf28e878e54a9f1ca24c1c320cee2416c20dc054104c6ea",
    "https://deno.land/std@0.176.0/node/internal_binding/tls_wrap.ts": "37d293009d1718205bf28e878e54a9f1ca24c1c320cee2416c20dc054104c6ea",
    "https://deno.land/std@0.176.0/node/internal_binding/trace_events.ts": "37d293009d1718205bf28e878e54a9f1ca24c1c320cee2416c20dc054104c6ea",
    "https://deno.land/std@0.176.0/node/internal_binding/tty_wrap.ts": "37d293009d1718205bf28e878e54a9f1ca24c1c320cee2416c20dc054104c6ea",
    "https://deno.land/std@0.176.0/node/internal_binding/types.ts": "2187595a58d2cf0134f4db6cc2a12bf777f452f52b15b6c3aed73fa072aa5fc3",
    "https://deno.land/std@0.176.0/node/internal_binding/udp_wrap.ts": "b77d7024aef1282b9fe6e1f6c8064ab8a7b9ecbae0bc08a36f2b30dcbb1d2752",
    "https://deno.land/std@0.176.0/node/internal_binding/url.ts": "37d293009d1718205bf28e878e54a9f1ca24c1c320cee2416c20dc054104c6ea",
    "https://deno.land/std@0.176.0/node/internal_binding/util.ts": "808ff3b92740284184ab824adfc420e75398c88c8bccf5111f0c24ac18c48f10",
    "https://deno.land/std@0.176.0/node/internal_binding/uv.ts": "eb0048e30af4db407fb3f95563e30d70efd6187051c033713b0a5b768593a3a3",
    "https://deno.land/std@0.176.0/node/internal_binding/v8.ts": "37d293009d1718205bf28e878e54a9f1ca24c1c320cee2416c20dc054104c6ea",
    "https://deno.land/std@0.176.0/node/internal_binding/worker.ts": "37d293009d1718205bf28e878e54a9f1ca24c1c320cee2416c20dc054104c6ea",
    "https://deno.land/std@0.176.0/node/internal_binding/zlib.ts": "37d293009d1718205bf28e878e54a9f1ca24c1c320cee2416c20dc054104c6ea",
    "https://deno.land/std@0.176.0/node/os.ts": "176bec1386765464b4aac2f47c31d221a491b610dd4d87732e6f47e63153b5b9",
    "https://deno.land/std@0.176.0/node/path.ts": "1c6aa9101554136525b368e8280f0f78136d4071dd71ad3a70477f27d9e4dd91",
    "https://deno.land/std@0.176.0/node/path/_constants.ts": "2e2f68b8679cbf0ef118de8e5719e90cfb091de17d4a7c026c911b6772e6a247",
    "https://deno.land/std@0.176.0/node/path/_interface.ts": "c67d76726d0f86ea62ec68d17f11d50680c4659a60a0ea6dcd2488109435b4ce",
    "https://deno.land/std@0.176.0/node/path/_util.ts": "44deaf5bbd947eafb3439ea7208d0625e231c5f55c421fe83f5ef91218dcd28c",
    "https://deno.land/std@0.176.0/node/path/common.ts": "ee7505ab01fd22de3963b64e46cff31f40de34f9f8de1fff6a1bd2fe79380000",
    "https://deno.land/std@0.176.0/node/path/glob.ts": "b5fc2aed74aa7511cfd07d52dcd595cc18cd7ca431326a664e735d8905d85ce8",
    "https://deno.land/std@0.176.0/node/path/mod.ts": "cad27b16a7a3a8c2bb3ad1ba68a63d11e4fb616d63fd55c95e399a0a3a927be2",
    "https://deno.land/std@0.176.0/node/path/posix.ts": "a066e77f554358a82b4a693726faa41932f02f5bcd520f07afb6b2372e62484d",
    "https://deno.land/std@0.176.0/node/path/separator.ts": "5cfefe182e88bc8138022475703a9b39b13250c79bf234cdc6e3be9afd639662",
    "https://deno.land/std@0.176.0/node/path/win32.ts": "3a1b21948e0063cf1ac1c6834ef3ed633b5405f107be01aadfaedd2088b57eef",
    "https://deno.land/std@0.176.0/node/perf_hooks.ts": "c20e1f02f463e065e8f6c1d4fa97b0d3832dc0db5b5d8ea37f99a962ecf11f35",
    "https://deno.land/std@0.176.0/node/process.ts": "6608012d6d51a17a7346f36079c574b9b9f81f1b5c35436489ad089f39757466",
    "https://deno.land/std@0.176.0/node/querystring.ts": "2dce8068cb80ce2bf503aecd888be1b89827288352b6581e0fc401886d56cd86",
    "https://deno.land/std@0.176.0/node/stream.ts": "09e348302af40dcc7dc58aa5e40fdff868d11d8d6b0cfb85cbb9c75b9fe450c7",
    "https://deno.land/std@0.176.0/node/string_decoder.ts": "1a17e3572037c512cc5fc4b29076613e90f225474362d18da908cb7e5ccb7e88",
    "https://deno.land/std@0.176.0/node/url.ts": "f8c6656f32728a447705a273e3d8a5118631c0b6560d13fc613901ec9a3f69d0",
    "https://deno.land/std@0.176.0/node/util.ts": "4c12edeafde7e50dfe2d4022e383decb422c77858b938b093698cb7250c9e125",
    "https://deno.land/std@0.176.0/node/util/types.ts": "461b2e1118fd32456967e14b99f01c892dee1e94d144d6b96e9d94eb086a9574",
    "https://deno.land/std@0.176.0/path/_constants.ts": "e49961f6f4f48039c0dfed3c3f93e963ca3d92791c9d478ac5b43183413136e0",
    "https://deno.land/std@0.176.0/path/_interface.ts": "6471159dfbbc357e03882c2266d21ef9afdb1e4aa771b0545e90db58a0ba314b",
    "https://deno.land/std@0.176.0/path/_util.ts": "d7abb1e0dea065f427b89156e28cdeb32b045870acdf865833ba808a73b576d0",
    "https://deno.land/std@0.176.0/path/common.ts": "ee7505ab01fd22de3963b64e46cff31f40de34f9f8de1fff6a1bd2fe79380000",
    "https://deno.land/std@0.176.0/path/glob.ts": "d479e0a695621c94d3fd7fe7abd4f9499caf32a8de13f25073451c6ef420a4e1",
    "https://deno.land/std@0.176.0/path/mod.ts": "4b83694ac500d7d31b0cdafc927080a53dc0c3027eb2895790fb155082b0d232",
    "https://deno.land/std@0.176.0/path/posix.ts": "8b7c67ac338714b30c816079303d0285dd24af6b284f7ad63da5b27372a2c94d",
    "https://deno.land/std@0.176.0/path/separator.ts": "0fb679739d0d1d7bf45b68dacfb4ec7563597a902edbaf3c59b50d5bcadd93b1",
    "https://deno.land/std@0.176.0/path/win32.ts": "d186344e5583bcbf8b18af416d13d82b35a317116e6460a5a3953508c3de5bba",
    "https://deno.land/std@0.176.0/streams/write_all.ts": "3b2e1ce44913f966348ce353d02fa5369e94115181037cd8b602510853ec3033",
    "https://deno.land/std@0.176.0/testing/_diff.ts": "1a3c044aedf77647d6cac86b798c6417603361b66b54c53331b312caeb447aea",
    "https://deno.land/std@0.176.0/testing/_format.ts": "a69126e8a469009adf4cf2a50af889aca364c349797e63174884a52ff75cf4c7",
    "https://deno.land/std@0.176.0/testing/_test_suite.ts": "30f018feeb3835f12ab198d8a518f9089b1bcb2e8c838a8b615ab10d5005465c",
    "https://deno.land/std@0.176.0/testing/asserts.ts": "984ab0bfb3faeed92ffaa3a6b06536c66811185328c5dd146257c702c41b01ab",
    "https://deno.land/std@0.176.0/testing/bdd.ts": "c5ca6d85940dbcc19b4d2bc3608d49ab65d81470aa91306d5efa4b0d5c945731",
    "https://deno.land/std@0.176.0/types.d.ts": "220ed56662a0bd393ba5d124aa6ae2ad36a00d2fcbc0e8666a65f4606aaa9784",
    "https://deno.land/x/code_block_writer@11.0.3/mod.ts": "2c3448060e47c9d08604c8f40dee34343f553f33edcdfebbf648442be33205e5",
    "https://deno.land/x/code_block_writer@11.0.3/utils/string_utils.ts": "60cb4ec8bd335bf241ef785ccec51e809d576ff8e8d29da43d2273b69ce2a6ff",
    "https://deno.land/x/ts_morph@17.0.1/common/DenoRuntime.ts": "537800e840d0994f9055164e11bf33eadf96419246af0d3c453793c3ae67bdb3",
    "https://deno.land/x/ts_morph@17.0.1/common/mod.ts": "01985d2ee7da8d1caee318a9d07664774fbee4e31602bc2bb6bb62c3489555ed",
    "https://deno.land/x/ts_morph@17.0.1/common/ts_morph_common.d.ts": "ee7767b0c68b23c65bb607c94b6cb3512e8237fbcb7d1d8383a33235cde2c068",
    "https://deno.land/x/ts_morph@17.0.1/common/ts_morph_common.js": "49a79124b941ba2b35d81ac9eb90fc33c957b2640cdb97569c1941bac5a3bbdb",
    "https://deno.land/x/ts_morph@17.0.1/common/typescript.d.ts": "57e52a0882af4e835473dda27e4316cc31149866970210f9f79b940e916b7838",
    "https://deno.land/x/ts_morph@17.0.1/common/typescript.js": "5dd669eb199ee2a539924c63a92e23d95df43dfe2fbe3a9d68c871648be1ad5e",
    "https://deno.land/x/ts_morph@17.0.1/mod.ts": "adba9b82f24865d15d2c78ef6074b9a7457011719056c9928c800f130a617c93",
    "https://deno.land/x/ts_morph@17.0.1/ts_morph.d.ts": "a54b0c51b06d84defedf5fdd59c773d803808ae7c9678f7165f7a1a6dfa7f6a3",
    "https://deno.land/x/ts_morph@17.0.1/ts_morph.js": "1bb80284b9e31a4c5c2078cd533fe9b12b4b2d710267055cb655225aa88fb2df",
    "https://unpkg.com/get-current-line@6.6.0/edition-deno/index.ts": "fec1c27f59f15c72ef4aae49f417466973f435f3157747503701a6d0147cd8f8"
  }
}
